
Microsoft Visual Studio Solution File, Format Version 12.00
# Visual Studio Version 16
VisualStudioVersion = 16.0.31624.102
MinimumVisualStudioVersion = 10.0.40219.1
Project("{2150E333-8FDC-42A3-9474-1A3956D46DE8}") = "Config", "Config", "{B04CE49A-B9EB-409D-A1AD-16AD54551CCF}"
EndProject
Project("{9A19103F-16F7-4668-BE54-9A1E7A4F7556}") = "Config", "Config\Config.csproj", "{8B3303B4-84A7-4E5E-8712-96303AE7FB55}"
EndProject
Project("{2150E333-8FDC-42A3-9474-1A3956D46DE8}") = "Contracts", "Contracts", "{4AB05628-A401-47F7-AAA5-F665C82520C7}"
EndProject
Project("{9A19103F-16F7-4668-BE54-9A1E7A4F7556}") = "ProjectContracts", "ProjectContracts\ProjectContracts.csproj", "{9C621E15-E15E-452C-A9B5-F984F2CF36E0}"
EndProject
Project("{2150E333-8FDC-42A3-9474-1A3956D46DE8}") = "Data Access Layer Contracts", "Data Access Layer Contracts", "{1A6B163E-2E5D-4236-BFC5-B39385078150}"
EndProject
Project("{9A19103F-16F7-4668-BE54-9A1E7A4F7556}") = "DALContracts", "DALContracts\DALContracts.csproj", "{4A58C50E-8D18-46EE-A73D-83D1874FB3D1}"
EndProject
Project("{2150E333-8FDC-42A3-9474-1A3956D46DE8}") = "Data Transfer Objects", "Data Transfer Objects", "{AB983B4C-B0DA-4E0C-931A-6C6D9ABC0326}"
EndProject
Project("{9A19103F-16F7-4668-BE54-9A1E7A4F7556}") = "InfrastructureDAL", "InfrastructureDAL\InfrastructureDAL.csproj", "{55BBFF7A-28F3-4A22-A734-0B2285155296}"
EndProject
Project("{2150E333-8FDC-42A3-9474-1A3956D46DE8}") = "Services", "Services", "{57D6E58E-6634-45A5-B548-2A4D72BFCE8B}"
EndProject
Project("{9A19103F-16F7-4668-BE54-9A1E7A4F7556}") = "StatusServiceImpl", "StatusServiceImpl\StatusServiceImpl.csproj", "{FFEC342A-5659-4520-A530-E50CD7FA92B7}"
EndProject
Project("{9A19103F-16F7-4668-BE54-9A1E7A4F7556}") = "TransitionServiceImpl", "TransitionService\TransitionServiceImpl.csproj", "{798AD465-D943-41B8-B4E9-FEC9B4F00A14}"
EndProject
Project("{9A19103F-16F7-4668-BE54-9A1E7A4F7556}") = "MethodaBackend", "MethodaBackend\MethodaBackend.csproj", "{A03E2C38-F1EB-4731-B6AD-8DE35258573F}"
EndProject
Project("{9A19103F-16F7-4668-BE54-9A1E7A4F7556}") = "ProjectDTO", "ProjectDTO\ProjectDTO.csproj", "{57B5825F-27D2-4796-9B13-2AF141D3AEBB}"
EndProject
Global
	GlobalSection(SolutionConfigurationPlatforms) = preSolution
		Debug|Any CPU = Debug|Any CPU
		Release|Any CPU = Release|Any CPU
	EndGlobalSection
	GlobalSection(ProjectConfigurationPlatforms) = postSolution
		{8B3303B4-84A7-4E5E-8712-96303AE7FB55}.Debug|Any CPU.ActiveCfg = Debug|Any CPU
		{8B3303B4-84A7-4E5E-8712-96303AE7FB55}.Debug|Any CPU.Build.0 = Debug|Any CPU
		{8B3303B4-84A7-4E5E-8712-96303AE7FB55}.Release|Any CPU.ActiveCfg = Release|Any CPU
		{8B3303B4-84A7-4E5E-8712-96303AE7FB55}.Release|Any CPU.Build.0 = Release|Any CPU
		{9C621E15-E15E-452C-A9B5-F984F2CF36E0}.Debug|Any CPU.ActiveCfg = Debug|Any CPU
		{9C621E15-E15E-452C-A9B5-F984F2CF36E0}.Debug|Any CPU.Build.0 = Debug|Any CPU
		{9C621E15-E15E-452C-A9B5-F984F2CF36E0}.Release|Any CPU.ActiveCfg = Release|Any CPU
		{9C621E15-E15E-452C-A9B5-F984F2CF36E0}.Release|Any CPU.Build.0 = Release|Any CPU
		{4A58C50E-8D18-46EE-A73D-83D1874FB3D1}.Debug|Any CPU.ActiveCfg = Debug|Any CPU
		{4A58C50E-8D18-46EE-A73D-83D1874FB3D1}.Debug|Any CPU.Build.0 = Debug|Any CPU
		{4A58C50E-8D18-46EE-A73D-83D1874FB3D1}.Release|Any CPU.ActiveCfg = Release|Any CPU
		{4A58C50E-8D18-46EE-A73D-83D1874FB3D1}.Release|Any CPU.Build.0 = Release|Any CPU
		{55BBFF7A-28F3-4A22-A734-0B2285155296}.Debug|Any CPU.ActiveCfg = Debug|Any CPU
		{55BBFF7A-28F3-4A22-A734-0B2285155296}.Debug|Any CPU.Build.0 = Debug|Any CPU
		{55BBFF7A-28F3-4A22-A734-0B2285155296}.Release|Any CPU.ActiveCfg = Release|Any CPU
		{55BBFF7A-28F3-4A22-A734-0B2285155296}.Release|Any CPU.Build.0 = Release|Any CPU
		{FFEC342A-5659-4520-A530-E50CD7FA92B7}.Debug|Any CPU.ActiveCfg = Debug|Any CPU
		{FFEC342A-5659-4520-A530-E50CD7FA92B7}.Debug|Any CPU.Build.0 = Debug|Any CPU
		{FFEC342A-5659-4520-A530-E50CD7FA92B7}.Release|Any CPU.ActiveCfg = Release|Any CPU
		{FFEC342A-5659-4520-A530-E50CD7FA92B7}.Release|Any CPU.Build.0 = Release|Any CPU
		{798AD465-D943-41B8-B4E9-FEC9B4F00A14}.Debug|Any CPU.ActiveCfg = Debug|Any CPU
		{798AD465-D943-41B8-B4E9-FEC9B4F00A14}.Debug|Any CPU.Build.0 = Debug|Any CPU
		{798AD465-D943-41B8-B4E9-FEC9B4F00A14}.Release|Any CPU.ActiveCfg = Release|Any CPU
		{798AD465-D943-41B8-B4E9-FEC9B4F00A14}.Release|Any CPU.Build.0 = Release|Any CPU
		{A03E2C38-F1EB-4731-B6AD-8DE35258573F}.Debug|Any CPU.ActiveCfg = Debug|Any CPU
		{A03E2C38-F1EB-4731-B6AD-8DE35258573F}.Debug|Any CPU.Build.0 = Debug|Any CPU
		{A03E2C38-F1EB-4731-B6AD-8DE35258573F}.Release|Any CPU.ActiveCfg = Release|Any CPU
		{A03E2C38-F1EB-4731-B6AD-8DE35258573F}.Release|Any CPU.Build.0 = Release|Any CPU
		{57B5825F-27D2-4796-9B13-2AF141D3AEBB}.Debug|Any CPU.ActiveCfg = Debug|Any CPU
		{57B5825F-27D2-4796-9B13-2AF141D3AEBB}.Debug|Any CPU.Build.0 = Debug|Any CPU
		{57B5825F-27D2-4796-9B13-2AF141D3AEBB}.Release|Any CPU.ActiveCfg = Release|Any CPU
		{57B5825F-27D2-4796-9B13-2AF141D3AEBB}.Release|Any CPU.Build.0 = Release|Any CPU
	EndGlobalSection
	GlobalSection(SolutionProperties) = preSolution
		HideSolutionNode = FALSE
	EndGlobalSection
	GlobalSection(NestedProjects) = preSolution
		{8B3303B4-84A7-4E5E-8712-96303AE7FB55} = {B04CE49A-B9EB-409D-A1AD-16AD54551CCF}
		{9C621E15-E15E-452C-A9B5-F984F2CF36E0} = {4AB05628-A401-47F7-AAA5-F665C82520C7}
		{4A58C50E-8D18-46EE-A73D-83D1874FB3D1} = {1A6B163E-2E5D-4236-BFC5-B39385078150}
		{55BBFF7A-28F3-4A22-A734-0B2285155296} = {1A6B163E-2E5D-4236-BFC5-B39385078150}
		{FFEC342A-5659-4520-A530-E50CD7FA92B7} = {57D6E58E-6634-45A5-B548-2A4D72BFCE8B}
		{798AD465-D943-41B8-B4E9-FEC9B4F00A14} = {57D6E58E-6634-45A5-B548-2A4D72BFCE8B}
		{57B5825F-27D2-4796-9B13-2AF141D3AEBB} = {AB983B4C-B0DA-4E0C-931A-6C6D9ABC0326}
	EndGlobalSection
	GlobalSection(ExtensibilityGlobals) = postSolution
		SolutionGuid = {692F4F28-8A99-4AB2-9F33-CA6949C36F88}
	EndGlobalSection
EndGlobal
